// !$*UTF8*$!
{
	archiveVersion = 1;
	classes = {
	};
	objectVersion = 46;
	objects = {

/* Begin PBXBuildFile section */
		AF5873BC1965998F0006B006 /* Foundation.framework in Frameworks */ = {isa = PBXBuildFile; fileRef = AF5873BB1965998F0006B006 /* Foundation.framework */; };
		AF5873BE196599900006B006 /* CoreGraphics.framework in Frameworks */ = {isa = PBXBuildFile; fileRef = AF5873BD196599900006B006 /* CoreGraphics.framework */; };
		AF5873C0196599900006B006 /* UIKit.framework in Frameworks */ = {isa = PBXBuildFile; fileRef = AF5873BF196599900006B006 /* UIKit.framework */; };
		AF5873C6196599900006B006 /* InfoPlist.strings in Resources */ = {isa = PBXBuildFile; fileRef = AF5873C4196599900006B006 /* InfoPlist.strings */; };
		AF5873C8196599900006B006 /* main.m in Sources */ = {isa = PBXBuildFile; fileRef = AF5873C7196599900006B006 /* main.m */; };
		AF5873CC196599900006B006 /* TFAppDelegate.m in Sources */ = {isa = PBXBuildFile; fileRef = AF5873CB196599900006B006 /* TFAppDelegate.m */; };
		AF5873CE196599900006B006 /* Images.xcassets in Resources */ = {isa = PBXBuildFile; fileRef = AF5873CD196599900006B006 /* Images.xcassets */; };
		AF5873D5196599900006B006 /* XCTest.framework in Frameworks */ = {isa = PBXBuildFile; fileRef = AF5873D4196599900006B006 /* XCTest.framework */; };
		AF5873D6196599900006B006 /* Foundation.framework in Frameworks */ = {isa = PBXBuildFile; fileRef = AF5873BB1965998F0006B006 /* Foundation.framework */; };
		AF5873D7196599900006B006 /* UIKit.framework in Frameworks */ = {isa = PBXBuildFile; fileRef = AF5873BF196599900006B006 /* UIKit.framework */; };
		AF5873DF196599900006B006 /* InfoPlist.strings in Resources */ = {isa = PBXBuildFile; fileRef = AF5873DD196599900006B006 /* InfoPlist.strings */; };
		AF5873E1196599900006B006 /* tfurlrequestconsolidatorTests.m in Sources */ = {isa = PBXBuildFile; fileRef = AF5873E0196599900006B006 /* tfurlrequestconsolidatorTests.m */; };
		AF5873ED196599D20006B006 /* TFURLRequestConsolidator.m in Sources */ = {isa = PBXBuildFile; fileRef = AF5873EC196599D20006B006 /* TFURLRequestConsolidator.m */; };
/* End PBXBuildFile section */

/* Begin PBXContainerItemProxy section */
		AF5873D8196599900006B006 /* PBXContainerItemProxy */ = {
			isa = PBXContainerItemProxy;
			containerPortal = AF5873B01965998F0006B006 /* Project object */;
			proxyType = 1;
			remoteGlobalIDString = AF5873B71965998F0006B006;
			remoteInfo = tfurlrequestconsolidator;
		};
/* End PBXContainerItemProxy section */

/* Begin PBXFileReference section */
		AF5873B81965998F0006B006 /* tfurlrequestconsolidator.app */ = {isa = PBXFileReference; explicitFileType = wrapper.application; includeInIndex = 0; path = tfurlrequestconsolidator.app; sourceTree = BUILT_PRODUCTS_DIR; };
		AF5873BB1965998F0006B006 /* Foundation.framework */ = {isa = PBXFileReference; lastKnownFileType = wrapper.framework; name = Foundation.framework; path = System/Library/Frameworks/Foundation.framework; sourceTree = SDKROOT; };
		AF5873BD196599900006B006 /* CoreGraphics.framework */ = {isa = PBXFileReference; lastKnownFileType = wrapper.framework; name = CoreGraphics.framework; path = System/Library/Frameworks/CoreGraphics.framework; sourceTree = SDKROOT; };
		AF5873BF196599900006B006 /* UIKit.framework */ = {isa = PBXFileReference; lastKnownFileType = wrapper.framework; name = UIKit.framework; path = System/Library/Frameworks/UIKit.framework; sourceTree = SDKROOT; };
		AF5873C3196599900006B006 /* tfurlrequestconsolidator-Info.plist */ = {isa = PBXFileReference; lastKnownFileType = text.plist.xml; path = "tfurlrequestconsolidator-Info.plist"; sourceTree = "<group>"; };
		AF5873C5196599900006B006 /* en */ = {isa = PBXFileReference; lastKnownFileType = text.plist.strings; name = en; path = en.lproj/InfoPlist.strings; sourceTree = "<group>"; };
		AF5873C7196599900006B006 /* main.m */ = {isa = PBXFileReference; lastKnownFileType = sourcecode.c.objc; path = main.m; sourceTree = "<group>"; };
		AF5873C9196599900006B006 /* tfurlrequestconsolidator-Prefix.pch */ = {isa = PBXFileReference; lastKnownFileType = sourcecode.c.h; path = "tfurlrequestconsolidator-Prefix.pch"; sourceTree = "<group>"; };
		AF5873CA196599900006B006 /* TFAppDelegate.h */ = {isa = PBXFileReference; lastKnownFileType = sourcecode.c.h; path = TFAppDelegate.h; sourceTree = "<group>"; };
		AF5873CB196599900006B006 /* TFAppDelegate.m */ = {isa = PBXFileReference; lastKnownFileType = sourcecode.c.objc; path = TFAppDelegate.m; sourceTree = "<group>"; };
		AF5873CD196599900006B006 /* Images.xcassets */ = {isa = PBXFileReference; lastKnownFileType = folder.assetcatalog; path = Images.xcassets; sourceTree = "<group>"; };
		AF5873D3196599900006B006 /* tfurlrequestconsolidatorTests.xctest */ = {isa = PBXFileReference; explicitFileType = wrapper.cfbundle; includeInIndex = 0; path = tfurlrequestconsolidatorTests.xctest; sourceTree = BUILT_PRODUCTS_DIR; };
		AF5873D4196599900006B006 /* XCTest.framework */ = {isa = PBXFileReference; lastKnownFileType = wrapper.framework; name = XCTest.framework; path = Library/Frameworks/XCTest.framework; sourceTree = DEVELOPER_DIR; };
		AF5873DC196599900006B006 /* tfurlrequestconsolidatorTests-Info.plist */ = {isa = PBXFileReference; lastKnownFileType = text.plist.xml; path = "tfurlrequestconsolidatorTests-Info.plist"; sourceTree = "<group>"; };
		AF5873DE196599900006B006 /* en */ = {isa = PBXFileReference; lastKnownFileType = text.plist.strings; name = en; path = en.lproj/InfoPlist.strings; sourceTree = "<group>"; };
		AF5873E0196599900006B006 /* tfurlrequestconsolidatorTests.m */ = {isa = PBXFileReference; lastKnownFileType = sourcecode.c.objc; path = tfurlrequestconsolidatorTests.m; sourceTree = "<group>"; };
		AF5873EB196599D20006B006 /* TFURLRequestConsolidator.h */ = {isa = PBXFileReference; fileEncoding = 4; lastKnownFileType = sourcecode.c.h; path = TFURLRequestConsolidator.h; sourceTree = "<group>"; };
		AF5873EC196599D20006B006 /* TFURLRequestConsolidator.m */ = {isa = PBXFileReference; fileEncoding = 4; lastKnownFileType = sourcecode.c.objc; path = TFURLRequestConsolidator.m; sourceTree = "<group>"; };
/* End PBXFileReference section */

/* Begin PBXFrameworksBuildPhase section */
		AF5873B51965998F0006B006 /* Frameworks */ = {
			isa = PBXFrameworksBuildPhase;
			buildActionMask = 2147483647;
			files = (
				AF5873BE196599900006B006 /* CoreGraphics.framework in Frameworks */,
				AF5873C0196599900006B006 /* UIKit.framework in Frameworks */,
				AF5873BC1965998F0006B006 /* Foundation.framework in Frameworks */,
			);
			runOnlyForDeploymentPostprocessing = 0;
		};
		AF5873D0196599900006B006 /* Frameworks */ = {
			isa = PBXFrameworksBuildPhase;
			buildActionMask = 2147483647;
			files = (
				AF5873D5196599900006B006 /* XCTest.framework in Frameworks */,
				AF5873D7196599900006B006 /* UIKit.framework in Frameworks */,
				AF5873D6196599900006B006 /* Foundation.framework in Frameworks */,
			);
			runOnlyForDeploymentPostprocessing = 0;
		};
/* End PBXFrameworksBuildPhase section */

/* Begin PBXGroup section */
		AF5873AF1965998F0006B006 = {
			isa = PBXGroup;
			children = (
				AF5873C1196599900006B006 /* tfurlrequestconsolidator */,
				AF5873DA196599900006B006 /* tfurlrequestconsolidatorTests */,
				AF5873BA1965998F0006B006 /* Frameworks */,
				AF5873B91965998F0006B006 /* Products */,
			);
			sourceTree = "<group>";
		};
		AF5873B91965998F0006B006 /* Products */ = {
			isa = PBXGroup;
			children = (
				AF5873B81965998F0006B006 /* tfurlrequestconsolidator.app */,
				AF5873D3196599900006B006 /* tfurlrequestconsolidatorTests.xctest */,
			);
			name = Products;
			sourceTree = "<group>";
		};
		AF5873BA1965998F0006B006 /* Frameworks */ = {
			isa = PBXGroup;
			children = (
				AF5873BB1965998F0006B006 /* Foundation.framework */,
				AF5873BD196599900006B006 /* CoreGraphics.framework */,
				AF5873BF196599900006B006 /* UIKit.framework */,
				AF5873D4196599900006B006 /* XCTest.framework */,
			);
			name = Frameworks;
			sourceTree = "<group>";
		};
		AF5873C1196599900006B006 /* tfurlrequestconsolidator */ = {
			isa = PBXGroup;
			children = (
				AF5873EA196599D20006B006 /* Classes */,
				AF5873CA196599900006B006 /* TFAppDelegate.h */,
				AF5873CB196599900006B006 /* TFAppDelegate.m */,
				AF5873CD196599900006B006 /* Images.xcassets */,
				AF5873C2196599900006B006 /* Supporting Files */,
			);
			path = tfurlrequestconsolidator;
			sourceTree = "<group>";
		};
		AF5873C2196599900006B006 /* Supporting Files */ = {
			isa = PBXGroup;
			children = (
				AF5873C3196599900006B006 /* tfurlrequestconsolidator-Info.plist */,
				AF5873C4196599900006B006 /* InfoPlist.strings */,
				AF5873C7196599900006B006 /* main.m */,
				AF5873C9196599900006B006 /* tfurlrequestconsolidator-Prefix.pch */,
			);
			name = "Supporting Files";
			sourceTree = "<group>";
		};
		AF5873DA196599900006B006 /* tfurlrequestconsolidatorTests */ = {
			isa = PBXGroup;
			children = (
				AF5873E0196599900006B006 /* tfurlrequestconsolidatorTests.m */,
				AF5873DB196599900006B006 /* Supporting Files */,
			);
			path = tfurlrequestconsolidatorTests;
			sourceTree = "<group>";
		};
		AF5873DB196599900006B006 /* Supporting Files */ = {
			isa = PBXGroup;
			children = (
				AF5873DC196599900006B006 /* tfurlrequestconsolidatorTests-Info.plist */,
				AF5873DD196599900006B006 /* InfoPlist.strings */,
			);
			name = "Supporting Files";
			sourceTree = "<group>";
		};
		AF5873EA196599D20006B006 /* Classes */ = {
			isa = PBXGroup;
			children = (
				AF5873EB196599D20006B006 /* TFURLRequestConsolidator.h */,
				AF5873EC196599D20006B006 /* TFURLRequestConsolidator.m */,
			);
			path = Classes;
			sourceTree = "<group>";
		};
/* End PBXGroup section */

/* Begin PBXNativeTarget section */
		AF5873B71965998F0006B006 /* tfurlrequestconsolidator */ = {
			isa = PBXNativeTarget;
			buildConfigurationList = AF5873E4196599900006B006 /* Build configuration list for PBXNativeTarget "tfurlrequestconsolidator" */;
			buildPhases = (
				AF5873B41965998F0006B006 /* Sources */,
				AF5873B51965998F0006B006 /* Frameworks */,
				AF5873B61965998F0006B006 /* Resources */,
			);
			buildRules = (
			);
			dependencies = (
			);
			name = tfurlrequestconsolidator;
			productName = tfurlrequestconsolidator;
			productReference = AF5873B81965998F0006B006 /* tfurlrequestconsolidator.app */;
			productType = "com.apple.product-type.application";
		};
		AF5873D2196599900006B006 /* tfurlrequestconsolidatorTests */ = {
			isa = PBXNativeTarget;
			buildConfigurationList = AF5873E7196599900006B006 /* Build configuration list for PBXNativeTarget "tfurlrequestconsolidatorTests" */;
			buildPhases = (
				AF5873CF196599900006B006 /* Sources */,
				AF5873D0196599900006B006 /* Frameworks */,
				AF5873D1196599900006B006 /* Resources */,
			);
			buildRules = (
			);
			dependencies = (
				AF5873D9196599900006B006 /* PBXTargetDependency */,
			);
			name = tfurlrequestconsolidatorTests;
			productName = tfurlrequestconsolidatorTests;
			productReference = AF5873D3196599900006B006 /* tfurlrequestconsolidatorTests.xctest */;
			productType = "com.apple.product-type.bundle.unit-test";
		};
/* End PBXNativeTarget section */

/* Begin PBXProject section */
		AF5873B01965998F0006B006 /* Project object */ = {
			isa = PBXProject;
			attributes = {
				CLASSPREFIX = TF;
				LastUpgradeCheck = 0510;
				ORGANIZATIONNAME = Trifork;
				TargetAttributes = {
					AF5873D2196599900006B006 = {
						TestTargetID = AF5873B71965998F0006B006;
					};
				};
			};
			buildConfigurationList = AF5873B31965998F0006B006 /* Build configuration list for PBXProject "tfurlrequestconsolidator" */;
			compatibilityVersion = "Xcode 3.2";
			developmentRegion = English;
			hasScannedForEncodings = 0;
			knownRegions = (
				en,
			);
			mainGroup = AF5873AF1965998F0006B006;
			productRefGroup = AF5873B91965998F0006B006 /* Products */;
			projectDirPath = "";
			projectRoot = "";
			targets = (
				AF5873B71965998F0006B006 /* tfurlrequestconsolidator */,
				AF5873D2196599900006B006 /* tfurlrequestconsolidatorTests */,
			);
		};
/* End PBXProject section */

/* Begin PBXResourcesBuildPhase section */
		AF5873B61965998F0006B006 /* Resources */ = {
			isa = PBXResourcesBuildPhase;
			buildActionMask = 2147483647;
			files = (
				AF5873C6196599900006B006 /* InfoPlist.strings in Resources */,
				AF5873CE196599900006B006 /* Images.xcassets in Resources */,
			);
			runOnlyForDeploymentPostprocessing = 0;
		};
		AF5873D1196599900006B006 /* Resources */ = {
			isa = PBXResourcesBuildPhase;
			buildActionMask = 2147483647;
			files = (
				AF5873DF196599900006B006 /* InfoPlist.strings in Resources */,
			);
			runOnlyForDeploymentPostprocessing = 0;
		};
/* End PBXResourcesBuildPhase section */

/* Begin PBXSourcesBuildPhase section */
		AF5873B41965998F0006B006 /* Sources */ = {
			isa = PBXSourcesBuildPhase;
			buildActionMask = 2147483647;
			files = (
				AF5873CC196599900006B006 /* TFAppDelegate.m in Sources */,
				AF5873ED196599D20006B006 /* TFURLRequestConsolidator.m in Sources */,
				AF5873C8196599900006B006 /* main.m in Sources */,
			);
			runOnlyForDeploymentPostprocessing = 0;
		};
		AF5873CF196599900006B006 /* Sources */ = {
			isa = PBXSourcesBuildPhase;
			buildActionMask = 2147483647;
			files = (
				AF5873E1196599900006B006 /* tfurlrequestconsolidatorTests.m in Sources */,
			);
			runOnlyForDeploymentPostprocessing = 0;
		};
/* End PBXSourcesBuildPhase section */

/* Begin PBXTargetDependency section */
		AF5873D9196599900006B006 /* PBXTargetDependency */ = {
			isa = PBXTargetDependency;
			target = AF5873B71965998F0006B006 /* tfurlrequestconsolidator */;
			targetProxy = AF5873D8196599900006B006 /* PBXContainerItemProxy */;
		};
/* End PBXTargetDependency section */

/* Begin PBXVariantGroup section */
		AF5873C4196599900006B006 /* InfoPlist.strings */ = {
			isa = PBXVariantGroup;
			children = (
				AF5873C5196599900006B006 /* en */,
			);
			name = InfoPlist.strings;
			sourceTree = "<group>";
		};
		AF5873DD196599900006B006 /* InfoPlist.strings */ = {
			isa = PBXVariantGroup;
			children = (
				AF5873DE196599900006B006 /* en */,
			);
			name = InfoPlist.strings;
			sourceTree = "<group>";
		};
/* End PBXVariantGroup section */

/* Begin XCBuildConfiguration section */
		AF5873E2196599900006B006 /* Debug */ = {
			isa = XCBuildConfiguration;
			buildSettings = {
				ALWAYS_SEARCH_USER_PATHS = NO;
				CLANG_CXX_LANGUAGE_STANDARD = "gnu++0x";
				CLANG_CXX_LIBRARY = "libc++";
				CLANG_ENABLE_MODULES = YES;
				CLANG_ENABLE_OBJC_ARC = YES;
				CLANG_WARN_BOOL_CONVERSION = YES;
				CLANG_WARN_CONSTANT_CONVERSION = YES;
				CLANG_WARN_DIRECT_OBJC_ISA_USAGE = YES_ERROR;
				CLANG_WARN_EMPTY_BODY = YES;
				CLANG_WARN_ENUM_CONVERSION = YES;
				CLANG_WARN_INT_CONVERSION = YES;
				CLANG_WARN_OBJC_ROOT_CLASS = YES_ERROR;
				CLANG_WARN__DUPLICATE_METHOD_MATCH = YES;
				"CODE_SIGN_IDENTITY[sdk=iphoneos*]" = "iPhone Developer";
				COPY_PHASE_STRIP = NO;
				GCC_C_LANGUAGE_STANDARD = gnu99;
				GCC_DYNAMIC_NO_PIC = NO;
				GCC_OPTIMIZATION_LEVEL = 0;
				GCC_PREPROCESSOR_DEFINITIONS = (
					"DEBUG=1",
					"$(inherited)",
				);
				GCC_SYMBOLS_PRIVATE_EXTERN = NO;
				GCC_WARN_64_TO_32_BIT_CONVERSION = YES;
				GCC_WARN_ABOUT_RETURN_TYPE = YES_ERROR;
				GCC_WARN_UNDECLARED_SELECTOR = YES;
				GCC_WARN_UNINITIALIZED_AUTOS = YES_AGGRESSIVE;
				GCC_WARN_UNUSED_FUNCTION = YES;
				GCC_WARN_UNUSED_VARIABLE = YES;
				IPHONEOS_DEPLOYMENT_TARGET = 7.1;
				ONLY_ACTIVE_ARCH = YES;
				SDKROOT = iphoneos;
			};
			name = Debug;
		};
		AF5873E3196599900006B006 /* Release */ = {
			isa = XCBuildConfiguration;
			buildSettings = {
				ALWAYS_SEARCH_USER_PATHS = NO;
				CLANG_CXX_LANGUAGE_STANDARD = "gnu++0x";
				CLANG_CXX_LIBRARY = "libc++";
				CLANG_ENABLE_MODULES = YES;
				CLANG_ENABLE_OBJC_ARC = YES;
				CLANG_WARN_BOOL_CONVERSION = YES;
				CLANG_WARN_CONSTANT_CONVERSION = YES;
				CLANG_WARN_DIRECT_OBJC_ISA_USAGE = YES_ERROR;
				CLANG_WARN_EMPTY_BODY = YES;
				CLANG_WARN_ENUM_CONVERSION = YES;
				CLANG_WARN_INT_CONVERSION = YES;
				CLANG_WARN_OBJC_ROOT_CLASS = YES_ERROR;
				CLANG_WARN__DUPLICATE_METHOD_MATCH = YES;
				"CODE_SIGN_IDENTITY[sdk=iphoneos*]" = "iPhone Developer";
				COPY_PHASE_STRIP = YES;
				ENABLE_NS_ASSERTIONS = NO;
				GCC_C_LANGUAGE_STANDARD = gnu99;
				GCC_WARN_64_TO_32_BIT_CONVERSION = YES;
				GCC_WARN_ABOUT_RETURN_TYPE = YES_ERROR;
				GCC_WARN_UNDECLARED_SELECTOR = YES;
				GCC_WARN_UNINITIALIZED_AUTOS = YES_AGGRESSIVE;
				GCC_WARN_UNUSED_FUNCTION = YES;
				GCC_WARN_UNUSED_VARIABLE = YES;
				IPHONEOS_DEPLOYMENT_TARGET = 7.1;
				SDKROOT = iphoneos;
				VALIDATE_PRODUCT = YES;
			};
			name = Release;
		};
		AF5873E5196599900006B006 /* Debug */ = {
			isa = XCBuildConfiguration;
			buildSettings = {
				ASSETCATALOG_COMPILER_APPICON_NAME = AppIcon;
				ASSETCATALOG_COMPILER_LAUNCHIMAGE_NAME = LaunchImage;
				GCC_PRECOMPILE_PREFIX_HEADER = YES;
				GCC_PREFIX_HEADER = "tfurlrequestconsolidator/tfurlrequestconsolidator-Prefix.pch";
				INFOPLIST_FILE = "tfurlrequestconsolidator/tfurlrequestconsolidator-Info.plist";
				PRODUCT_NAME = "$(TARGET_NAME)";
				WRAPPER_EXTENSION = app;
			};
			name = Debug;
		};
		AF5873E6196599900006B006 /* Release */ = {
			isa = XCBuildConfiguration;
			buildSettings = {
				ASSETCATALOG_COMPILER_APPICON_NAME = AppIcon;
				ASSETCATALOG_COMPILER_LAUNCHIMAGE_NAME = LaunchImage;
				GCC_PRECOMPILE_PREFIX_HEADER = YES;
				GCC_PREFIX_HEADER = "tfurlrequestconsolidator/tfurlrequestconsolidator-Prefix.pch";
				INFOPLIST_FILE = "tfurlrequestconsolidator/tfurlrequestconsolidator-Info.plist";
				PRODUCT_NAME = "$(TARGET_NAME)";
				WRAPPER_EXTENSION = app;
			};
			name = Release;
		};
		AF5873E8196599900006B006 /* Debug */ = {
			isa = XCBuildConfiguration;
			buildSettings = {
				BUNDLE_LOADER = "$(BUILT_PRODUCTS_DIR)/tfurlrequestconsolidator.app/tfurlrequestconsolidator";
				FRAMEWORK_SEARCH_PATHS = (
					"$(SDKROOT)/Developer/Library/Frameworks",
					"$(inherited)",
					"$(DEVELOPER_FRAMEWORKS_DIR)",
				);
				GCC_PRECOMPILE_PREFIX_HEADER = YES;
				GCC_PREFIX_HEADER = "tfurlrequestconsolidator/tfurlrequestconsolidator-Prefix.pch";
				GCC_PREPROCESSOR_DEFINITIONS = (
					"DEBUG=1",
					"$(inherited)",
				);
				INFOPLIST_FILE = "tfurlrequestconsolidatorTests/tfurlrequestconsolidatorTests-Info.plist";
				PRODUCT_NAME = "$(TARGET_NAME)";
				TEST_HOST = "$(BUNDLE_LOADER)";
				WRAPPER_EXTENSION = xctest;
			};
			name = Debug;
		};
		AF5873E9196599900006B006 /* Release */ = {
			isa = XCBuildConfiguration;
			buildSettings = {
				BUNDLE_LOADER = "$(BUILT_PRODUCTS_DIR)/tfurlrequestconsolidator.app/tfurlrequestconsolidator";
				FRAMEWORK_SEARCH_PATHS = (
					"$(SDKROOT)/Developer/Library/Frameworks",
					"$(inherited)",
					"$(DEVELOPER_FRAMEWORKS_DIR)",
				);
				GCC_PRECOMPILE_PREFIX_HEADER = YES;
				GCC_PREFIX_HEADER = "tfurlrequestconsolidator/tfurlrequestconsolidator-Prefix.pch";
				INFOPLIST_FILE = "tfurlrequestconsolidatorTests/tfurlrequestconsolidatorTests-Info.plist";
				PRODUCT_NAME = "$(TARGET_NAME)";
				TEST_HOST = "$(BUNDLE_LOADER)";
				WRAPPER_EXTENSION = xctest;
			};
			name = Release;
		};
/* End XCBuildConfiguration section */

/* Begin XCConfigurationList section */
		AF5873B31965998F0006B006 /* Build configuration list for PBXProject "tfurlrequestconsolidator" */ = {
			isa = XCConfigurationList;
			buildConfigurations = (
				AF5873E2196599900006B006 /* Debug */,
				AF5873E3196599900006B006 /* Release */,
			);
			defaultConfigurationIsVisible = 0;
			defaultConfigurationName = Release;
		};
		AF5873E4196599900006B006 /* Build configuration list for PBXNativeTarget "tfurlrequestconsolidator" */ = {
			isa = XCConfigurationList;
			buildConfigurations = (
				AF5873E5196599900006B006 /* Debug */,
				AF5873E6196599900006B006 /* Release */,
			);
			defaultConfigurationIsVisible = 0;
		};
		AF5873E7196599900006B006 /* Build configuration list for PBXNativeTarget "tfurlrequestconsolidatorTests" */ = {
			isa = XCConfigurationList;
			buildConfigurations = (
				AF5873E8196599900006B006 /* Debug */,
				AF5873E9196599900006B006 /* Release */,
			);
			defaultConfigurationIsVisible = 0;
		};
/* End XCConfigurationList section */
	};
	rootObject = AF5873B01965998F0006B006 /* Project object */;
}
