// !$*UTF8*$!
{
	archiveVersion = 1;
	classes = {
	};
	objectVersion = 46;
	objects = {

/* Begin PBXBuildFile section */
		AF25A247196FC82C004087E5 /* Foundation.framework in Frameworks */ = {isa = PBXBuildFile; fileRef = AF25A246196FC82C004087E5 /* Foundation.framework */; };
		AF25A249196FC82C004087E5 /* CoreGraphics.framework in Frameworks */ = {isa = PBXBuildFile; fileRef = AF25A248196FC82C004087E5 /* CoreGraphics.framework */; };
		AF25A24B196FC82C004087E5 /* UIKit.framework in Frameworks */ = {isa = PBXBuildFile; fileRef = AF25A24A196FC82C004087E5 /* UIKit.framework */; };
		AF25A251196FC82C004087E5 /* InfoPlist.strings in Resources */ = {isa = PBXBuildFile; fileRef = AF25A24F196FC82C004087E5 /* InfoPlist.strings */; };
		AF25A253196FC82C004087E5 /* main.m in Sources */ = {isa = PBXBuildFile; fileRef = AF25A252196FC82C004087E5 /* main.m */; };
		AF25A257196FC82C004087E5 /* TFAppDelegate.m in Sources */ = {isa = PBXBuildFile; fileRef = AF25A256196FC82C004087E5 /* TFAppDelegate.m */; };
		AF25A259196FC82C004087E5 /* Images.xcassets in Resources */ = {isa = PBXBuildFile; fileRef = AF25A258196FC82C004087E5 /* Images.xcassets */; };
		AF25A260196FC82C004087E5 /* XCTest.framework in Frameworks */ = {isa = PBXBuildFile; fileRef = AF25A25F196FC82C004087E5 /* XCTest.framework */; };
		AF25A261196FC82C004087E5 /* Foundation.framework in Frameworks */ = {isa = PBXBuildFile; fileRef = AF25A246196FC82C004087E5 /* Foundation.framework */; };
		AF25A262196FC82C004087E5 /* UIKit.framework in Frameworks */ = {isa = PBXBuildFile; fileRef = AF25A24A196FC82C004087E5 /* UIKit.framework */; };
		AF25A26A196FC82C004087E5 /* InfoPlist.strings in Resources */ = {isa = PBXBuildFile; fileRef = AF25A268196FC82C004087E5 /* InfoPlist.strings */; };
		AF25A26C196FC82C004087E5 /* TFURLRequestConsolidatorTests.m in Sources */ = {isa = PBXBuildFile; fileRef = AF25A26B196FC82C004087E5 /* TFURLRequestConsolidatorTests.m */; };
		AF25A278196FC841004087E5 /* TFURLRequestConsolidator.m in Sources */ = {isa = PBXBuildFile; fileRef = AF25A277196FC841004087E5 /* TFURLRequestConsolidator.m */; };
/* End PBXBuildFile section */

/* Begin PBXContainerItemProxy section */
		AF25A263196FC82C004087E5 /* PBXContainerItemProxy */ = {
			isa = PBXContainerItemProxy;
			containerPortal = AF25A23B196FC82C004087E5 /* Project object */;
			proxyType = 1;
			remoteGlobalIDString = AF25A242196FC82C004087E5;
			remoteInfo = TFURLRequestConsolidator;
		};
/* End PBXContainerItemProxy section */

/* Begin PBXFileReference section */
		AF25A243196FC82C004087E5 /* TFURLRequestConsolidator.app */ = {isa = PBXFileReference; explicitFileType = wrapper.application; includeInIndex = 0; path = TFURLRequestConsolidator.app; sourceTree = BUILT_PRODUCTS_DIR; };
		AF25A246196FC82C004087E5 /* Foundation.framework */ = {isa = PBXFileReference; lastKnownFileType = wrapper.framework; name = Foundation.framework; path = System/Library/Frameworks/Foundation.framework; sourceTree = SDKROOT; };
		AF25A248196FC82C004087E5 /* CoreGraphics.framework */ = {isa = PBXFileReference; lastKnownFileType = wrapper.framework; name = CoreGraphics.framework; path = System/Library/Frameworks/CoreGraphics.framework; sourceTree = SDKROOT; };
		AF25A24A196FC82C004087E5 /* UIKit.framework */ = {isa = PBXFileReference; lastKnownFileType = wrapper.framework; name = UIKit.framework; path = System/Library/Frameworks/UIKit.framework; sourceTree = SDKROOT; };
		AF25A24E196FC82C004087E5 /* TFURLRequestConsolidator-Info.plist */ = {isa = PBXFileReference; lastKnownFileType = text.plist.xml; path = "TFURLRequestConsolidator-Info.plist"; sourceTree = "<group>"; };
		AF25A250196FC82C004087E5 /* en */ = {isa = PBXFileReference; lastKnownFileType = text.plist.strings; name = en; path = en.lproj/InfoPlist.strings; sourceTree = "<group>"; };
		AF25A252196FC82C004087E5 /* main.m */ = {isa = PBXFileReference; lastKnownFileType = sourcecode.c.objc; path = main.m; sourceTree = "<group>"; };
		AF25A254196FC82C004087E5 /* TFURLRequestConsolidator-Prefix.pch */ = {isa = PBXFileReference; lastKnownFileType = sourcecode.c.h; path = "TFURLRequestConsolidator-Prefix.pch"; sourceTree = "<group>"; };
		AF25A255196FC82C004087E5 /* TFAppDelegate.h */ = {isa = PBXFileReference; lastKnownFileType = sourcecode.c.h; path = TFAppDelegate.h; sourceTree = "<group>"; };
		AF25A256196FC82C004087E5 /* TFAppDelegate.m */ = {isa = PBXFileReference; lastKnownFileType = sourcecode.c.objc; path = TFAppDelegate.m; sourceTree = "<group>"; };
		AF25A258196FC82C004087E5 /* Images.xcassets */ = {isa = PBXFileReference; lastKnownFileType = folder.assetcatalog; path = Images.xcassets; sourceTree = "<group>"; };
		AF25A25E196FC82C004087E5 /* TFURLRequestConsolidatorTests.xctest */ = {isa = PBXFileReference; explicitFileType = wrapper.cfbundle; includeInIndex = 0; path = TFURLRequestConsolidatorTests.xctest; sourceTree = BUILT_PRODUCTS_DIR; };
		AF25A25F196FC82C004087E5 /* XCTest.framework */ = {isa = PBXFileReference; lastKnownFileType = wrapper.framework; name = XCTest.framework; path = Library/Frameworks/XCTest.framework; sourceTree = DEVELOPER_DIR; };
		AF25A267196FC82C004087E5 /* TFURLRequestConsolidatorTests-Info.plist */ = {isa = PBXFileReference; lastKnownFileType = text.plist.xml; path = "TFURLRequestConsolidatorTests-Info.plist"; sourceTree = "<group>"; };
		AF25A269196FC82C004087E5 /* en */ = {isa = PBXFileReference; lastKnownFileType = text.plist.strings; name = en; path = en.lproj/InfoPlist.strings; sourceTree = "<group>"; };
		AF25A26B196FC82C004087E5 /* TFURLRequestConsolidatorTests.m */ = {isa = PBXFileReference; lastKnownFileType = sourcecode.c.objc; path = TFURLRequestConsolidatorTests.m; sourceTree = "<group>"; };
		AF25A276196FC841004087E5 /* TFURLRequestConsolidator.h */ = {isa = PBXFileReference; fileEncoding = 4; lastKnownFileType = sourcecode.c.h; path = TFURLRequestConsolidator.h; sourceTree = "<group>"; };
		AF25A277196FC841004087E5 /* TFURLRequestConsolidator.m */ = {isa = PBXFileReference; fileEncoding = 4; lastKnownFileType = sourcecode.c.objc; path = TFURLRequestConsolidator.m; sourceTree = "<group>"; };
/* End PBXFileReference section */

/* Begin PBXFrameworksBuildPhase section */
		AF25A240196FC82C004087E5 /* Frameworks */ = {
			isa = PBXFrameworksBuildPhase;
			buildActionMask = 2147483647;
			files = (
				AF25A249196FC82C004087E5 /* CoreGraphics.framework in Frameworks */,
				AF25A24B196FC82C004087E5 /* UIKit.framework in Frameworks */,
				AF25A247196FC82C004087E5 /* Foundation.framework in Frameworks */,
			);
			runOnlyForDeploymentPostprocessing = 0;
		};
		AF25A25B196FC82C004087E5 /* Frameworks */ = {
			isa = PBXFrameworksBuildPhase;
			buildActionMask = 2147483647;
			files = (
				AF25A260196FC82C004087E5 /* XCTest.framework in Frameworks */,
				AF25A262196FC82C004087E5 /* UIKit.framework in Frameworks */,
				AF25A261196FC82C004087E5 /* Foundation.framework in Frameworks */,
			);
			runOnlyForDeploymentPostprocessing = 0;
		};
/* End PBXFrameworksBuildPhase section */

/* Begin PBXGroup section */
		AF25A23A196FC82C004087E5 = {
			isa = PBXGroup;
			children = (
				AF25A24C196FC82C004087E5 /* TFURLRequestConsolidator */,
				AF25A265196FC82C004087E5 /* TFURLRequestConsolidatorTests */,
				AF25A245196FC82C004087E5 /* Frameworks */,
				AF25A244196FC82C004087E5 /* Products */,
			);
			sourceTree = "<group>";
		};
		AF25A244196FC82C004087E5 /* Products */ = {
			isa = PBXGroup;
			children = (
				AF25A243196FC82C004087E5 /* TFURLRequestConsolidator.app */,
				AF25A25E196FC82C004087E5 /* TFURLRequestConsolidatorTests.xctest */,
			);
			name = Products;
			sourceTree = "<group>";
		};
		AF25A245196FC82C004087E5 /* Frameworks */ = {
			isa = PBXGroup;
			children = (
				AF25A246196FC82C004087E5 /* Foundation.framework */,
				AF25A248196FC82C004087E5 /* CoreGraphics.framework */,
				AF25A24A196FC82C004087E5 /* UIKit.framework */,
				AF25A25F196FC82C004087E5 /* XCTest.framework */,
			);
			name = Frameworks;
			sourceTree = "<group>";
		};
		AF25A24C196FC82C004087E5 /* TFURLRequestConsolidator */ = {
			isa = PBXGroup;
			children = (
				AF25A275196FC841004087E5 /* Classes */,
				AF25A255196FC82C004087E5 /* TFAppDelegate.h */,
				AF25A256196FC82C004087E5 /* TFAppDelegate.m */,
				AF25A258196FC82C004087E5 /* Images.xcassets */,
				AF25A24D196FC82C004087E5 /* Supporting Files */,
			);
			path = TFURLRequestConsolidator;
			sourceTree = "<group>";
		};
		AF25A24D196FC82C004087E5 /* Supporting Files */ = {
			isa = PBXGroup;
			children = (
				AF25A24E196FC82C004087E5 /* TFURLRequestConsolidator-Info.plist */,
				AF25A24F196FC82C004087E5 /* InfoPlist.strings */,
				AF25A252196FC82C004087E5 /* main.m */,
				AF25A254196FC82C004087E5 /* TFURLRequestConsolidator-Prefix.pch */,
			);
			name = "Supporting Files";
			sourceTree = "<group>";
		};
		AF25A265196FC82C004087E5 /* TFURLRequestConsolidatorTests */ = {
			isa = PBXGroup;
			children = (
				AF25A26B196FC82C004087E5 /* TFURLRequestConsolidatorTests.m */,
				AF25A266196FC82C004087E5 /* Supporting Files */,
			);
			path = TFURLRequestConsolidatorTests;
			sourceTree = "<group>";
		};
		AF25A266196FC82C004087E5 /* Supporting Files */ = {
			isa = PBXGroup;
			children = (
				AF25A267196FC82C004087E5 /* TFURLRequestConsolidatorTests-Info.plist */,
				AF25A268196FC82C004087E5 /* InfoPlist.strings */,
			);
			name = "Supporting Files";
			sourceTree = "<group>";
		};
		AF25A275196FC841004087E5 /* Classes */ = {
			isa = PBXGroup;
			children = (
				AF25A276196FC841004087E5 /* TFURLRequestConsolidator.h */,
				AF25A277196FC841004087E5 /* TFURLRequestConsolidator.m */,
			);
			path = Classes;
			sourceTree = "<group>";
		};
/* End PBXGroup section */

/* Begin PBXNativeTarget section */
		AF25A242196FC82C004087E5 /* TFURLRequestConsolidator */ = {
			isa = PBXNativeTarget;
			buildConfigurationList = AF25A26F196FC82C004087E5 /* Build configuration list for PBXNativeTarget "TFURLRequestConsolidator" */;
			buildPhases = (
				AF25A23F196FC82C004087E5 /* Sources */,
				AF25A240196FC82C004087E5 /* Frameworks */,
				AF25A241196FC82C004087E5 /* Resources */,
			);
			buildRules = (
			);
			dependencies = (
			);
			name = TFURLRequestConsolidator;
			productName = TFURLRequestConsolidator;
			productReference = AF25A243196FC82C004087E5 /* TFURLRequestConsolidator.app */;
			productType = "com.apple.product-type.application";
		};
		AF25A25D196FC82C004087E5 /* TFURLRequestConsolidatorTests */ = {
			isa = PBXNativeTarget;
			buildConfigurationList = AF25A272196FC82C004087E5 /* Build configuration list for PBXNativeTarget "TFURLRequestConsolidatorTests" */;
			buildPhases = (
				AF25A25A196FC82C004087E5 /* Sources */,
				AF25A25B196FC82C004087E5 /* Frameworks */,
				AF25A25C196FC82C004087E5 /* Resources */,
			);
			buildRules = (
			);
			dependencies = (
				AF25A264196FC82C004087E5 /* PBXTargetDependency */,
			);
			name = TFURLRequestConsolidatorTests;
			productName = TFURLRequestConsolidatorTests;
			productReference = AF25A25E196FC82C004087E5 /* TFURLRequestConsolidatorTests.xctest */;
			productType = "com.apple.product-type.bundle.unit-test";
		};
/* End PBXNativeTarget section */

/* Begin PBXProject section */
		AF25A23B196FC82C004087E5 /* Project object */ = {
			isa = PBXProject;
			attributes = {
				CLASSPREFIX = TF;
				LastUpgradeCheck = 0510;
				ORGANIZATIONNAME = Trifork;
				TargetAttributes = {
					AF25A25D196FC82C004087E5 = {
						TestTargetID = AF25A242196FC82C004087E5;
					};
				};
			};
			buildConfigurationList = AF25A23E196FC82C004087E5 /* Build configuration list for PBXProject "TFURLRequestConsolidator" */;
			compatibilityVersion = "Xcode 3.2";
			developmentRegion = English;
			hasScannedForEncodings = 0;
			knownRegions = (
				en,
			);
			mainGroup = AF25A23A196FC82C004087E5;
			productRefGroup = AF25A244196FC82C004087E5 /* Products */;
			projectDirPath = "";
			projectRoot = "";
			targets = (
				AF25A242196FC82C004087E5 /* TFURLRequestConsolidator */,
				AF25A25D196FC82C004087E5 /* TFURLRequestConsolidatorTests */,
			);
		};
/* End PBXProject section */

/* Begin PBXResourcesBuildPhase section */
		AF25A241196FC82C004087E5 /* Resources */ = {
			isa = PBXResourcesBuildPhase;
			buildActionMask = 2147483647;
			files = (
				AF25A251196FC82C004087E5 /* InfoPlist.strings in Resources */,
				AF25A259196FC82C004087E5 /* Images.xcassets in Resources */,
			);
			runOnlyForDeploymentPostprocessing = 0;
		};
		AF25A25C196FC82C004087E5 /* Resources */ = {
			isa = PBXResourcesBuildPhase;
			buildActionMask = 2147483647;
			files = (
				AF25A26A196FC82C004087E5 /* InfoPlist.strings in Resources */,
			);
			runOnlyForDeploymentPostprocessing = 0;
		};
/* End PBXResourcesBuildPhase section */

/* Begin PBXSourcesBuildPhase section */
		AF25A23F196FC82C004087E5 /* Sources */ = {
			isa = PBXSourcesBuildPhase;
			buildActionMask = 2147483647;
			files = (
				AF25A257196FC82C004087E5 /* TFAppDelegate.m in Sources */,
				AF25A278196FC841004087E5 /* TFURLRequestConsolidator.m in Sources */,
				AF25A253196FC82C004087E5 /* main.m in Sources */,
			);
			runOnlyForDeploymentPostprocessing = 0;
		};
		AF25A25A196FC82C004087E5 /* Sources */ = {
			isa = PBXSourcesBuildPhase;
			buildActionMask = 2147483647;
			files = (
				AF25A26C196FC82C004087E5 /* TFURLRequestConsolidatorTests.m in Sources */,
			);
			runOnlyForDeploymentPostprocessing = 0;
		};
/* End PBXSourcesBuildPhase section */

/* Begin PBXTargetDependency section */
		AF25A264196FC82C004087E5 /* PBXTargetDependency */ = {
			isa = PBXTargetDependency;
			target = AF25A242196FC82C004087E5 /* TFURLRequestConsolidator */;
			targetProxy = AF25A263196FC82C004087E5 /* PBXContainerItemProxy */;
		};
/* End PBXTargetDependency section */

/* Begin PBXVariantGroup section */
		AF25A24F196FC82C004087E5 /* InfoPlist.strings */ = {
			isa = PBXVariantGroup;
			children = (
				AF25A250196FC82C004087E5 /* en */,
			);
			name = InfoPlist.strings;
			sourceTree = "<group>";
		};
		AF25A268196FC82C004087E5 /* InfoPlist.strings */ = {
			isa = PBXVariantGroup;
			children = (
				AF25A269196FC82C004087E5 /* en */,
			);
			name = InfoPlist.strings;
			sourceTree = "<group>";
		};
/* End PBXVariantGroup section */

/* Begin XCBuildConfiguration section */
		AF25A26D196FC82C004087E5 /* Debug */ = {
			isa = XCBuildConfiguration;
			buildSettings = {
				ALWAYS_SEARCH_USER_PATHS = NO;
				CLANG_CXX_LANGUAGE_STANDARD = "gnu++0x";
				CLANG_CXX_LIBRARY = "libc++";
				CLANG_ENABLE_MODULES = YES;
				CLANG_ENABLE_OBJC_ARC = YES;
				CLANG_WARN_BOOL_CONVERSION = YES;
				CLANG_WARN_CONSTANT_CONVERSION = YES;
				CLANG_WARN_DIRECT_OBJC_ISA_USAGE = YES_ERROR;
				CLANG_WARN_EMPTY_BODY = YES;
				CLANG_WARN_ENUM_CONVERSION = YES;
				CLANG_WARN_INT_CONVERSION = YES;
				CLANG_WARN_OBJC_ROOT_CLASS = YES_ERROR;
				CLANG_WARN__DUPLICATE_METHOD_MATCH = YES;
				"CODE_SIGN_IDENTITY[sdk=iphoneos*]" = "iPhone Developer";
				COPY_PHASE_STRIP = NO;
				GCC_C_LANGUAGE_STANDARD = gnu99;
				GCC_DYNAMIC_NO_PIC = NO;
				GCC_OPTIMIZATION_LEVEL = 0;
				GCC_PREPROCESSOR_DEFINITIONS = (
					"DEBUG=1",
					"$(inherited)",
				);
				GCC_SYMBOLS_PRIVATE_EXTERN = NO;
				GCC_WARN_64_TO_32_BIT_CONVERSION = YES;
				GCC_WARN_ABOUT_RETURN_TYPE = YES_ERROR;
				GCC_WARN_UNDECLARED_SELECTOR = YES;
				GCC_WARN_UNINITIALIZED_AUTOS = YES_AGGRESSIVE;
				GCC_WARN_UNUSED_FUNCTION = YES;
				GCC_WARN_UNUSED_VARIABLE = YES;
				IPHONEOS_DEPLOYMENT_TARGET = 7.1;
				ONLY_ACTIVE_ARCH = YES;
				SDKROOT = iphoneos;
			};
			name = Debug;
		};
		AF25A26E196FC82C004087E5 /* Release */ = {
			isa = XCBuildConfiguration;
			buildSettings = {
				ALWAYS_SEARCH_USER_PATHS = NO;
				CLANG_CXX_LANGUAGE_STANDARD = "gnu++0x";
				CLANG_CXX_LIBRARY = "libc++";
				CLANG_ENABLE_MODULES = YES;
				CLANG_ENABLE_OBJC_ARC = YES;
				CLANG_WARN_BOOL_CONVERSION = YES;
				CLANG_WARN_CONSTANT_CONVERSION = YES;
				CLANG_WARN_DIRECT_OBJC_ISA_USAGE = YES_ERROR;
				CLANG_WARN_EMPTY_BODY = YES;
				CLANG_WARN_ENUM_CONVERSION = YES;
				CLANG_WARN_INT_CONVERSION = YES;
				CLANG_WARN_OBJC_ROOT_CLASS = YES_ERROR;
				CLANG_WARN__DUPLICATE_METHOD_MATCH = YES;
				"CODE_SIGN_IDENTITY[sdk=iphoneos*]" = "iPhone Developer";
				COPY_PHASE_STRIP = YES;
				ENABLE_NS_ASSERTIONS = NO;
				GCC_C_LANGUAGE_STANDARD = gnu99;
				GCC_WARN_64_TO_32_BIT_CONVERSION = YES;
				GCC_WARN_ABOUT_RETURN_TYPE = YES_ERROR;
				GCC_WARN_UNDECLARED_SELECTOR = YES;
				GCC_WARN_UNINITIALIZED_AUTOS = YES_AGGRESSIVE;
				GCC_WARN_UNUSED_FUNCTION = YES;
				GCC_WARN_UNUSED_VARIABLE = YES;
				IPHONEOS_DEPLOYMENT_TARGET = 7.1;
				SDKROOT = iphoneos;
				VALIDATE_PRODUCT = YES;
			};
			name = Release;
		};
		AF25A270196FC82C004087E5 /* Debug */ = {
			isa = XCBuildConfiguration;
			buildSettings = {
				ASSETCATALOG_COMPILER_APPICON_NAME = AppIcon;
				ASSETCATALOG_COMPILER_LAUNCHIMAGE_NAME = LaunchImage;
				GCC_PRECOMPILE_PREFIX_HEADER = YES;
				GCC_PREFIX_HEADER = "TFURLRequestConsolidator/TFURLRequestConsolidator-Prefix.pch";
				INFOPLIST_FILE = "TFURLRequestConsolidator/TFURLRequestConsolidator-Info.plist";
				PRODUCT_NAME = "$(TARGET_NAME)";
				WRAPPER_EXTENSION = app;
			};
			name = Debug;
		};
		AF25A271196FC82C004087E5 /* Release */ = {
			isa = XCBuildConfiguration;
			buildSettings = {
				ASSETCATALOG_COMPILER_APPICON_NAME = AppIcon;
				ASSETCATALOG_COMPILER_LAUNCHIMAGE_NAME = LaunchImage;
				GCC_PRECOMPILE_PREFIX_HEADER = YES;
				GCC_PREFIX_HEADER = "TFURLRequestConsolidator/TFURLRequestConsolidator-Prefix.pch";
				INFOPLIST_FILE = "TFURLRequestConsolidator/TFURLRequestConsolidator-Info.plist";
				PRODUCT_NAME = "$(TARGET_NAME)";
				WRAPPER_EXTENSION = app;
			};
			name = Release;
		};
		AF25A273196FC82C004087E5 /* Debug */ = {
			isa = XCBuildConfiguration;
			buildSettings = {
				BUNDLE_LOADER = "$(BUILT_PRODUCTS_DIR)/TFURLRequestConsolidator.app/TFURLRequestConsolidator";
				FRAMEWORK_SEARCH_PATHS = (
					"$(SDKROOT)/Developer/Library/Frameworks",
					"$(inherited)",
					"$(DEVELOPER_FRAMEWORKS_DIR)",
				);
				GCC_PRECOMPILE_PREFIX_HEADER = YES;
				GCC_PREFIX_HEADER = "TFURLRequestConsolidator/TFURLRequestConsolidator-Prefix.pch";
				GCC_PREPROCESSOR_DEFINITIONS = (
					"DEBUG=1",
					"$(inherited)",
				);
				INFOPLIST_FILE = "TFURLRequestConsolidatorTests/TFURLRequestConsolidatorTests-Info.plist";
				PRODUCT_NAME = "$(TARGET_NAME)";
				TEST_HOST = "$(BUNDLE_LOADER)";
				WRAPPER_EXTENSION = xctest;
			};
			name = Debug;
		};
		AF25A274196FC82C004087E5 /* Release */ = {
			isa = XCBuildConfiguration;
			buildSettings = {
				BUNDLE_LOADER = "$(BUILT_PRODUCTS_DIR)/TFURLRequestConsolidator.app/TFURLRequestConsolidator";
				FRAMEWORK_SEARCH_PATHS = (
					"$(SDKROOT)/Developer/Library/Frameworks",
					"$(inherited)",
					"$(DEVELOPER_FRAMEWORKS_DIR)",
				);
				GCC_PRECOMPILE_PREFIX_HEADER = YES;
				GCC_PREFIX_HEADER = "TFURLRequestConsolidator/TFURLRequestConsolidator-Prefix.pch";
				INFOPLIST_FILE = "TFURLRequestConsolidatorTests/TFURLRequestConsolidatorTests-Info.plist";
				PRODUCT_NAME = "$(TARGET_NAME)";
				TEST_HOST = "$(BUNDLE_LOADER)";
				WRAPPER_EXTENSION = xctest;
			};
			name = Release;
		};
/* End XCBuildConfiguration section */

/* Begin XCConfigurationList section */
		AF25A23E196FC82C004087E5 /* Build configuration list for PBXProject "TFURLRequestConsolidator" */ = {
			isa = XCConfigurationList;
			buildConfigurations = (
				AF25A26D196FC82C004087E5 /* Debug */,
				AF25A26E196FC82C004087E5 /* Release */,
			);
			defaultConfigurationIsVisible = 0;
			defaultConfigurationName = Release;
		};
		AF25A26F196FC82C004087E5 /* Build configuration list for PBXNativeTarget "TFURLRequestConsolidator" */ = {
			isa = XCConfigurationList;
			buildConfigurations = (
				AF25A270196FC82C004087E5 /* Debug */,
				AF25A271196FC82C004087E5 /* Release */,
			);
			defaultConfigurationIsVisible = 0;
		};
		AF25A272196FC82C004087E5 /* Build configuration list for PBXNativeTarget "TFURLRequestConsolidatorTests" */ = {
			isa = XCConfigurationList;
			buildConfigurations = (
				AF25A273196FC82C004087E5 /* Debug */,
				AF25A274196FC82C004087E5 /* Release */,
			);
			defaultConfigurationIsVisible = 0;
		};
/* End XCConfigurationList section */
	};
	rootObject = AF25A23B196FC82C004087E5 /* Project object */;
}
